// !$*UTF8*$!
{
	archiveVersion = 1;
	classes = {
	};
	objectVersion = 46;
	objects = {

/* Begin PBXBuildFile section */
		75DFE68414FBC86300FE9E1E /* XVimExMode.m in Sources */ = {isa = PBXBuildFile; fileRef = 75DFE68314FBC86300FE9E1E /* XVimExMode.m */; };
		75E7988414F7503700D94865 /* XClient.m in Sources */ = {isa = PBXBuildFile; fileRef = 75E7988214F74F8100D94865 /* XClient.m */; };
		A504238114C5B4AF009399E4 /* XVimInsertMode.m in Sources */ = {isa = PBXBuildFile; fileRef = A504238014C5B4AF009399E4 /* XVimInsertMode.m */; };
		A504238314C5B6AE009399E4 /* XVimInsertMode.m in Sources */ = {isa = PBXBuildFile; fileRef = A504238014C5B4AF009399E4 /* XVimInsertMode.m */; };
		A504A452149DF9F40084C754 /* README.md in Resources */ = {isa = PBXBuildFile; fileRef = A504A451149DF9F40084C754 /* README.md */; };
		A520764F14B0AB44005B8077 /* XVimVisualMode.m in Sources */ = {isa = PBXBuildFile; fileRef = A520764E14B0AB44005B8077 /* XVimVisualMode.m */; };
		A520765014B0AB44005B8077 /* XVimVisualMode.m in Sources */ = {isa = PBXBuildFile; fileRef = A520764E14B0AB44005B8077 /* XVimVisualMode.m */; };
		A52E943B1499A95F00FA6045 /* keymap-example in Resources */ = {isa = PBXBuildFile; fileRef = A52E943A1499A95F00FA6045 /* keymap-example */; };
		A543C39A148FBBB10070E986 /* XVimController.m in Sources */ = {isa = PBXBuildFile; fileRef = A543C399148FBBB10070E986 /* XVimController.m */; };
		A56B36DA149F2A0A00AE44CC /* NSStringHelper.m in Sources */ = {isa = PBXBuildFile; fileRef = A56B36D9149F2A0A00AE44CC /* NSStringHelper.m */; };
		A56CE210148F640100A06106 /* Cocoa.framework in Frameworks */ = {isa = PBXBuildFile; fileRef = A56CE20F148F640100A06106 /* Cocoa.framework */; };
		A56CE21A148F640100A06106 /* InfoPlist.strings in Resources */ = {isa = PBXBuildFile; fileRef = A56CE218148F640100A06106 /* InfoPlist.strings */; };
		A58D5A7E149F491F00921622 /* XVimNormalMode.m in Sources */ = {isa = PBXBuildFile; fileRef = A58D5A7D149F491F00921622 /* XVimNormalMode.m */; };
		A5929E4014A428C0009AFACA /* XVimController.m in Sources */ = {isa = PBXBuildFile; fileRef = A543C399148FBBB10070E986 /* XVimController.m */; };
		A5929E4114A428C0009AFACA /* XGlobal.m in Sources */ = {isa = PBXBuildFile; fileRef = A5A905CB149C41C000810962 /* XGlobal.m */; };
		A5929E4214A428C0009AFACA /* vim.m in Sources */ = {isa = PBXBuildFile; fileRef = A5BD0F33149C598F0089BF5E /* vim.m */; };
		A5929E4314A428C0009AFACA /* XVimMode.m in Sources */ = {isa = PBXBuildFile; fileRef = A5DD1A95149DD112000AAE3D /* XVimMode.m */; };
		A5929E4414A428C0009AFACA /* NSStringHelper.m in Sources */ = {isa = PBXBuildFile; fileRef = A56B36D9149F2A0A00AE44CC /* NSStringHelper.m */; };
		A5929E4514A428C0009AFACA /* XVimNormalMode.m in Sources */ = {isa = PBXBuildFile; fileRef = A58D5A7D149F491F00921622 /* XVimNormalMode.m */; };
		A5929E4714A428C0009AFACA /* Cocoa.framework in Frameworks */ = {isa = PBXBuildFile; fileRef = A56CE20F148F640100A06106 /* Cocoa.framework */; };
		A5929E4914A428C0009AFACA /* InfoPlist.strings in Resources */ = {isa = PBXBuildFile; fileRef = A56CE218148F640100A06106 /* InfoPlist.strings */; };
		A5929E4A14A428C0009AFACA /* keymap-example in Resources */ = {isa = PBXBuildFile; fileRef = A52E943A1499A95F00FA6045 /* keymap-example */; };
		A5929E4B14A428C0009AFACA /* README.md in Resources */ = {isa = PBXBuildFile; fileRef = A504A451149DF9F40084C754 /* README.md */; };
		A5929E4C14A428C0009AFACA /* keymap in Resources */ = {isa = PBXBuildFile; fileRef = A55056BD14A19B4300067686 /* keymap */; };
		A598ED54148F798900C86EC9 /* xVim.bundle in CopyFiles */ = {isa = PBXBuildFile; fileRef = A56CE20C148F640100A06106 /* xVim.bundle */; };
		A5A905CC149C41C000810962 /* XGlobal.m in Sources */ = {isa = PBXBuildFile; fileRef = A5A905CB149C41C000810962 /* XGlobal.m */; };
		A5BD0F34149C598F0089BF5E /* vim.m in Sources */ = {isa = PBXBuildFile; fileRef = A5BD0F33149C598F0089BF5E /* vim.m */; };
		A5C7757014A42A4D006A23BB /* xVim-WWM.bundle in CopyFiles */ = {isa = PBXBuildFile; fileRef = A5929E5414A428C0009AFACA /* xVim-WWM.bundle */; };
		A5C799F714FBDC2A008C1B8A /* XVimExMode.m in Sources */ = {isa = PBXBuildFile; fileRef = 75DFE68314FBC86300FE9E1E /* XVimExMode.m */; };
		A5C799F814FBDC2A008C1B8A /* XClient.m in Sources */ = {isa = PBXBuildFile; fileRef = 75E7988214F74F8100D94865 /* XClient.m */; };
		A5DD1A96149DD112000AAE3D /* XVimMode.m in Sources */ = {isa = PBXBuildFile; fileRef = A5DD1A95149DD112000AAE3D /* XVimMode.m */; };
/* End PBXBuildFile section */

/* Begin PBXCopyFilesBuildPhase section */
		A5929E4D14A428C0009AFACA /* CopyFiles */ = {
			isa = PBXCopyFilesBuildPhase;
			buildActionMask = 2147483647;
			dstPath = "~/Library/Application Support/SIMBL/Plugins";
			dstSubfolderSpec = 0;
			files = (
				A5C7757014A42A4D006A23BB /* xVim-WWM.bundle in CopyFiles */,
			);
			runOnlyForDeploymentPostprocessing = 0;
		};
		A598ED53148F797600C86EC9 /* CopyFiles */ = {
			isa = PBXCopyFilesBuildPhase;
			buildActionMask = 2147483647;
			dstPath = "~/Library/Application Support/SIMBL/Plugins";
			dstSubfolderSpec = 0;
			files = (
				A598ED54148F798900C86EC9 /* xVim.bundle in CopyFiles */,
			);
			runOnlyForDeploymentPostprocessing = 0;
		};
/* End PBXCopyFilesBuildPhase section */

/* Begin PBXFileReference section */
		75DFE68314FBC86300FE9E1E /* XVimExMode.m */ = {isa = PBXFileReference; fileEncoding = 4; lastKnownFileType = sourcecode.c.objc; path = XVimExMode.m; sourceTree = "<group>"; };
		75E7988114F74F8100D94865 /* XClient.h */ = {isa = PBXFileReference; lastKnownFileType = sourcecode.c.h; path = XClient.h; sourceTree = "<group>"; };
		75E7988214F74F8100D94865 /* XClient.m */ = {isa = PBXFileReference; lastKnownFileType = sourcecode.c.objc; path = XClient.m; sourceTree = "<group>"; };
		A504238014C5B4AF009399E4 /* XVimInsertMode.m */ = {isa = PBXFileReference; fileEncoding = 4; lastKnownFileType = sourcecode.c.objc; path = XVimInsertMode.m; sourceTree = "<group>"; };
		A504A451149DF9F40084C754 /* README.md */ = {isa = PBXFileReference; fileEncoding = 4; lastKnownFileType = text; name = README.md; path = ../README.md; sourceTree = "<group>"; };
		A520764E14B0AB44005B8077 /* XVimVisualMode.m */ = {isa = PBXFileReference; fileEncoding = 4; lastKnownFileType = sourcecode.c.objc; path = XVimVisualMode.m; sourceTree = "<group>"; };
		A52E943A1499A95F00FA6045 /* keymap-example */ = {isa = PBXFileReference; fileEncoding = 4; lastKnownFileType = text; name = "keymap-example"; path = "Resources/keymap-example"; sourceTree = "<group>"; };
		A543C398148FBBB10070E986 /* XVimController.h */ = {isa = PBXFileReference; fileEncoding = 4; lastKnownFileType = sourcecode.c.h; path = XVimController.h; sourceTree = "<group>"; };
		A543C399148FBBB10070E986 /* XVimController.m */ = {isa = PBXFileReference; fileEncoding = 4; lastKnownFileType = sourcecode.c.objc; path = XVimController.m; sourceTree = "<group>"; };
		A55056BD14A19B4300067686 /* keymap */ = {isa = PBXFileReference; fileEncoding = 4; lastKnownFileType = text; name = keymap; path = Resources/keymap; sourceTree = "<group>"; };
		A56B36D8149F29FF00AE44CC /* NSStringHelper.h */ = {isa = PBXFileReference; explicitFileType = sourcecode.c.h; fileEncoding = 4; path = NSStringHelper.h; sourceTree = "<group>"; };
		A56B36D9149F2A0A00AE44CC /* NSStringHelper.m */ = {isa = PBXFileReference; fileEncoding = 4; lastKnownFileType = sourcecode.c.objc; path = NSStringHelper.m; sourceTree = "<group>"; };
		A56CE20C148F640100A06106 /* xVim.bundle */ = {isa = PBXFileReference; explicitFileType = wrapper.cfbundle; includeInIndex = 0; path = xVim.bundle; sourceTree = BUILT_PRODUCTS_DIR; };
		A56CE20F148F640100A06106 /* Cocoa.framework */ = {isa = PBXFileReference; lastKnownFileType = wrapper.framework; name = Cocoa.framework; path = System/Library/Frameworks/Cocoa.framework; sourceTree = SDKROOT; };
		A56CE212148F640100A06106 /* AppKit.framework */ = {isa = PBXFileReference; lastKnownFileType = wrapper.framework; name = AppKit.framework; path = System/Library/Frameworks/AppKit.framework; sourceTree = SDKROOT; };
		A56CE213148F640100A06106 /* CoreData.framework */ = {isa = PBXFileReference; lastKnownFileType = wrapper.framework; name = CoreData.framework; path = System/Library/Frameworks/CoreData.framework; sourceTree = SDKROOT; };
		A56CE214148F640100A06106 /* Foundation.framework */ = {isa = PBXFileReference; lastKnownFileType = wrapper.framework; name = Foundation.framework; path = System/Library/Frameworks/Foundation.framework; sourceTree = SDKROOT; };
		A56CE217148F640100A06106 /* xVim-Info.plist */ = {isa = PBXFileReference; lastKnownFileType = text.plist.xml; path = "xVim-Info.plist"; sourceTree = "<group>"; };
		A56CE219148F640100A06106 /* en */ = {isa = PBXFileReference; lastKnownFileType = text.plist.strings; name = en; path = en.lproj/InfoPlist.strings; sourceTree = "<group>"; };
		A56CE21B148F640100A06106 /* xVim-Prefix.pch */ = {isa = PBXFileReference; lastKnownFileType = sourcecode.c.h; path = "xVim-Prefix.pch"; sourceTree = "<group>"; };
		A58D5A7D149F491F00921622 /* XVimNormalMode.m */ = {isa = PBXFileReference; fileEncoding = 4; lastKnownFileType = sourcecode.c.objc; path = XVimNormalMode.m; sourceTree = "<group>"; };
		A5929E1514A4281F009AFACA /* xVim-Info-WWM.plist */ = {isa = PBXFileReference; lastKnownFileType = text.plist.xml; path = "xVim-Info-WWM.plist"; sourceTree = "<group>"; };
		A5929E5414A428C0009AFACA /* xVim-WWM.bundle */ = {isa = PBXFileReference; explicitFileType = wrapper.cfbundle; includeInIndex = 0; path = "xVim-WWM.bundle"; sourceTree = BUILT_PRODUCTS_DIR; };
		A5A905CA149C41C000810962 /* XGlobal.h */ = {isa = PBXFileReference; fileEncoding = 4; lastKnownFileType = sourcecode.c.h; path = XGlobal.h; sourceTree = "<group>"; };
		A5A905CB149C41C000810962 /* XGlobal.m */ = {isa = PBXFileReference; fileEncoding = 4; lastKnownFileType = sourcecode.c.objc; path = XGlobal.m; sourceTree = "<group>"; };
		A5A905CD149C429300810962 /* XTextViewBridge.h */ = {isa = PBXFileReference; fileEncoding = 4; lastKnownFileType = sourcecode.c.h; path = XTextViewBridge.h; sourceTree = "<group>"; };
		A5BD0F32149C598F0089BF5E /* vim.h */ = {isa = PBXFileReference; fileEncoding = 4; lastKnownFileType = sourcecode.c.h; path = vim.h; sourceTree = "<group>"; };
		A5BD0F33149C598F0089BF5E /* vim.m */ = {isa = PBXFileReference; fileEncoding = 4; lastKnownFileType = sourcecode.c.objc; path = vim.m; sourceTree = "<group>"; };
		A5DD1A95149DD112000AAE3D /* XVimMode.m */ = {isa = PBXFileReference; fileEncoding = 4; lastKnownFileType = sourcecode.c.objc; path = XVimMode.m; sourceTree = "<group>"; };
		A5FA0F9A149AF56B0020C76A /* XVimMode.h */ = {isa = PBXFileReference; fileEncoding = 4; lastKnownFileType = sourcecode.c.h; path = XVimMode.h; sourceTree = "<group>"; };
/* End PBXFileReference section */

/* Begin PBXFrameworksBuildPhase section */
		A56CE209148F640100A06106 /* Frameworks */ = {
			isa = PBXFrameworksBuildPhase;
			buildActionMask = 2147483647;
			files = (
				A56CE210148F640100A06106 /* Cocoa.framework in Frameworks */,
			);
			runOnlyForDeploymentPostprocessing = 0;
		};
		A5929E4614A428C0009AFACA /* Frameworks */ = {
			isa = PBXFrameworksBuildPhase;
			buildActionMask = 2147483647;
			files = (
				A5929E4714A428C0009AFACA /* Cocoa.framework in Frameworks */,
			);
			runOnlyForDeploymentPostprocessing = 0;
		};
/* End PBXFrameworksBuildPhase section */

/* Begin PBXGroup section */
		A56CE201148F640100A06106 = {
			isa = PBXGroup;
			children = (
				A56CE215148F640100A06106 /* xVim */,
				A56CE20E148F640100A06106 /* Frameworks */,
				A56CE20D148F640100A06106 /* Products */,
			);
			sourceTree = "<group>";
		};
		A56CE20D148F640100A06106 /* Products */ = {
			isa = PBXGroup;
			children = (
				A56CE20C148F640100A06106 /* xVim.bundle */,
				A5929E5414A428C0009AFACA /* xVim-WWM.bundle */,
			);
			name = Products;
			sourceTree = "<group>";
		};
		A56CE20E148F640100A06106 /* Frameworks */ = {
			isa = PBXGroup;
			children = (
				A56CE20F148F640100A06106 /* Cocoa.framework */,
				A56CE211148F640100A06106 /* Other Frameworks */,
			);
			name = Frameworks;
			sourceTree = "<group>";
		};
		A56CE211148F640100A06106 /* Other Frameworks */ = {
			isa = PBXGroup;
			children = (
				A56CE212148F640100A06106 /* AppKit.framework */,
				A56CE213148F640100A06106 /* CoreData.framework */,
				A56CE214148F640100A06106 /* Foundation.framework */,
			);
			name = "Other Frameworks";
			sourceTree = "<group>";
		};
		A56CE215148F640100A06106 /* xVim */ = {
			isa = PBXGroup;
			children = (
				A5A905D0149C42C200810962 /* Header */,
				A5A905D1149C42DB00810962 /* Source */,
				A56CE216148F640100A06106 /* Supporting Files */,
			);
			path = xVim;
			sourceTree = "<group>";
		};
		A56CE216148F640100A06106 /* Supporting Files */ = {
			isa = PBXGroup;
			children = (
				A55056BD14A19B4300067686 /* keymap */,
				A52E943A1499A95F00FA6045 /* keymap-example */,
				A56CE218148F640100A06106 /* InfoPlist.strings */,
				A56CE217148F640100A06106 /* xVim-Info.plist */,
				A5929E1514A4281F009AFACA /* xVim-Info-WWM.plist */,
				A56CE21B148F640100A06106 /* xVim-Prefix.pch */,
				A504A451149DF9F40084C754 /* README.md */,
			);
			name = "Supporting Files";
			sourceTree = "<group>";
		};
		A5A905D0149C42C200810962 /* Header */ = {
			isa = PBXGroup;
			children = (
				A56B36D8149F29FF00AE44CC /* NSStringHelper.h */,
				A5BD0F32149C598F0089BF5E /* vim.h */,
				A5A905CA149C41C000810962 /* XGlobal.h */,
				A5A905CD149C429300810962 /* XTextViewBridge.h */,
				A543C398148FBBB10070E986 /* XVimController.h */,
				A5FA0F9A149AF56B0020C76A /* XVimMode.h */,
				75E7988114F74F8100D94865 /* XClient.h */,
			);
			name = Header;
			sourceTree = "<group>";
		};
		A5A905D1149C42DB00810962 /* Source */ = {
			isa = PBXGroup;
			children = (
				A56B36D9149F2A0A00AE44CC /* NSStringHelper.m */,
				A5BD0F33149C598F0089BF5E /* vim.m */,
				A5A905CB149C41C000810962 /* XGlobal.m */,
				A543C399148FBBB10070E986 /* XVimController.m */,
				A504238014C5B4AF009399E4 /* XVimInsertMode.m */,
				A5DD1A95149DD112000AAE3D /* XVimMode.m */,
				A58D5A7D149F491F00921622 /* XVimNormalMode.m */,
				A520764E14B0AB44005B8077 /* XVimVisualMode.m */,
				75DFE68314FBC86300FE9E1E /* XVimExMode.m */,
				75E7988214F74F8100D94865 /* XClient.m */,
			);
			name = Source;
			sourceTree = "<group>";
		};
/* End PBXGroup section */

/* Begin PBXNativeTarget section */
		A56CE20B148F640100A06106 /* xVim */ = {
			isa = PBXNativeTarget;
			buildConfigurationList = A56CE21E148F640100A06106 /* Build configuration list for PBXNativeTarget "xVim" */;
			buildPhases = (
				A56CE208148F640100A06106 /* Sources */,
				A56CE209148F640100A06106 /* Frameworks */,
				A56CE20A148F640100A06106 /* Resources */,
				A598ED53148F797600C86EC9 /* CopyFiles */,
				A504A44F149DF6290084C754 /* ShellScript */,
				A5D62EF414A0621F00A3C9B8 /* ShellScript */,
			);
			buildRules = (
			);
			dependencies = (
			);
			name = xVim;
			productName = xVim;
			productReference = A56CE20C148F640100A06106 /* xVim.bundle */;
			productType = "com.apple.product-type.bundle";
		};
		A5929E3E14A428C0009AFACA /* xVim-WWM */ = {
			isa = PBXNativeTarget;
			buildConfigurationList = A5929E5114A428C0009AFACA /* Build configuration list for PBXNativeTarget "xVim-WWM" */;
			buildPhases = (
				A5929E3F14A428C0009AFACA /* Sources */,
				A5929E4614A428C0009AFACA /* Frameworks */,
				A5929E4814A428C0009AFACA /* Resources */,
				A5929E4D14A428C0009AFACA /* CopyFiles */,
				A5929E4F14A428C0009AFACA /* ShellScript */,
				A5929E5014A428C0009AFACA /* ShellScript */,
			);
			buildRules = (
			);
			dependencies = (
			);
			name = "xVim-WWM";
			productName = xVim;
			productReference = A5929E5414A428C0009AFACA /* xVim-WWM.bundle */;
			productType = "com.apple.product-type.bundle";
		};
/* End PBXNativeTarget section */

/* Begin PBXProject section */
		A56CE203148F640100A06106 /* Project object */ = {
			isa = PBXProject;
			attributes = {
				LastUpgradeCheck = 0420;
			};
			buildConfigurationList = A56CE206148F640100A06106 /* Build configuration list for PBXProject "xVim" */;
			compatibilityVersion = "Xcode 3.2";
			developmentRegion = English;
			hasScannedForEncodings = 0;
			knownRegions = (
				en,
			);
			mainGroup = A56CE201148F640100A06106;
			productRefGroup = A56CE20D148F640100A06106 /* Products */;
			projectDirPath = "";
			projectRoot = "";
			targets = (
				A56CE20B148F640100A06106 /* xVim */,
				A5929E3E14A428C0009AFACA /* xVim-WWM */,
			);
		};
/* End PBXProject section */

/* Begin PBXResourcesBuildPhase section */
		A56CE20A148F640100A06106 /* Resources */ = {
			isa = PBXResourcesBuildPhase;
			buildActionMask = 2147483647;
			files = (
				A56CE21A148F640100A06106 /* InfoPlist.strings in Resources */,
				A52E943B1499A95F00FA6045 /* keymap-example in Resources */,
				A504A452149DF9F40084C754 /* README.md in Resources */,
			);
			runOnlyForDeploymentPostprocessing = 0;
		};
		A5929E4814A428C0009AFACA /* Resources */ = {
			isa = PBXResourcesBuildPhase;
			buildActionMask = 2147483647;
			files = (
				A5929E4914A428C0009AFACA /* InfoPlist.strings in Resources */,
				A5929E4A14A428C0009AFACA /* keymap-example in Resources */,
				A5929E4B14A428C0009AFACA /* README.md in Resources */,
				A5929E4C14A428C0009AFACA /* keymap in Resources */,
			);
			runOnlyForDeploymentPostprocessing = 0;
		};
/* End PBXResourcesBuildPhase section */

/* Begin PBXShellScriptBuildPhase section */
		A504A44F149DF6290084C754 /* ShellScript */ = {
			isa = PBXShellScriptBuildPhase;
			buildActionMask = 12;
			files = (
			);
			inputPaths = (
			);
			outputPaths = (
			);
			runOnlyForDeploymentPostprocessing = 0;
			shellPath = /bin/sh;
			shellScript = "KEYWORDS=\"TODO|FIXME|\\?\\?\\?:|\\!\\!\\!:\"\nfind \"${SRCROOT}\" \\( -name \"*.h\" -or -name \"*.m\" \\) -print0 | \\\nxargs -0 egrep --with-filename --line-number --only-matching \"($KEYWORDS).*\\$\" | \\\nperl -p -e \"s/($KEYWORDS)/ warning: \\$1/\"\n";
		};
		A5929E4F14A428C0009AFACA /* ShellScript */ = {
			isa = PBXShellScriptBuildPhase;
			buildActionMask = 12;
			files = (
			);
			inputPaths = (
			);
			outputPaths = (
			);
			runOnlyForDeploymentPostprocessing = 0;
			shellPath = /bin/sh;
			shellScript = "KEYWORDS=\"TODO|FIXME|\\?\\?\\?:|\\!\\!\\!:\"\nfind \"${SRCROOT}\" \\( -name \"*.h\" -or -name \"*.m\" \\) -print0 | \\\nxargs -0 egrep --with-filename --line-number --only-matching \"($KEYWORDS).*\\$\" | \\\nperl -p -e \"s/($KEYWORDS)/ warning: \\$1/\"\n";
		};
		A5929E5014A428C0009AFACA /* ShellScript */ = {
			isa = PBXShellScriptBuildPhase;
			buildActionMask = 2147483647;
			files = (
			);
			inputPaths = (
			);
			outputPaths = (
			);
			runOnlyForDeploymentPostprocessing = 0;
			shellPath = /usr/bin/ruby;
			shellScript = "def get_file_as_string(filename)\ndata = ''\nf = File.open(filename, \"r\") \nf.each_line do |line|\ndata += line\nend\nreturn data\nend\n\n\ndef handle_alpha_beta(old_value, letter, infoplist, start_of_value, end_of_value)\nparts = old_value.split(letter)\nversion_num = parts[0]\nalpha_num = parts[1].to_i\n\nalpha_num = alpha_num + 1\nnew_version = version_num.to_s + letter + alpha_num.to_s\nprint \"Assigning new version: \" + new_version + \"\\n\"\nnew_key = \"<string>#{new_version}</string>\"\n\npart_1 = infoplist[0, start_of_value - '<string>'.length];\npart_2 = new_key \npart_3 = infoplist[end_of_value + \"</string>\".length, infoplist.length - (end_of_value - start_of_value + (new_key.length - 1))]    \n\nnew_info_plist = part_1 + part_2 + part_3\nnew_info_plist\nend\n\ndef find_and_increment_version_number_with_key(key, infoplist)\n\nstart_of_key = infoplist.index(key)\nstart_of_value = infoplist.index(\"<string>\", start_of_key) + \"<string>\".length\nend_of_value = infoplist.index(\"</string>\", start_of_value)\nold_value = infoplist[start_of_value, end_of_value - start_of_value]\n\nprint \"Old version for \" + key + \": \" + old_value + \"\\n\"\nprint old_value.class.to_s + \"\\n\"\nold_value_int = old_value.to_i\nprint old_value_int.class.to_s + \"\\n\"\nif (old_value.index(\"a\") != nil) # alpha\ninfoplist = handle_alpha_beta(old_value, \"a\", infoplist, start_of_value, end_of_value)\nelsif (old_value.index(\"b\") != nil) # beta\ninfoplist = handle_alpha_beta(old_value, \"b\", infoplist, start_of_value, end_of_value)\nelsif (old_value.index(\".\") != nil) # release dot version\nparts = old_value.split(\".\")\nlast_part = parts.last.to_i\nlast_part = last_part + 1\nparts.delete(parts.last)\n\nnew_version = \"\"\nfirst = true\nparts.each do |one_part|\nif (first)\nfirst = false\nelse\nnew_version = new_version + \".\"\nend\nnew_version = new_version + one_part\nend\nnew_version = new_version.to_s + \".\" + last_part.to_s\nprint \"New version: \" + new_version.to_s + \"\\n\"\nnew_key = \"<string>#{new_version}</string>\"\ninfoplist = \"#{infoplist[0, start_of_value - '<string>'.length]}#{new_key}#{infoplist[end_of_value + '</string>'.length, infoplist.length - (end_of_value+1)]}\"\nelsif (old_value.to_i != nil) # straight integer build number\nnew_version = old_value.to_i + 1\nprint \"New version: \" + new_version.to_s + \"\\n\"\nnew_key = \"<string>#{new_version}</string>\"\n\npart_1 = infoplist[0, start_of_value - '<string>'.length]\npart_2 = new_key\npart_3 = infoplist[end_of_value + \"</string>\".length, infoplist.length - (end_of_value+1)]\ninfoplist = part_1 + part_2 + part_3\nend \ninfoplist\nend\n\n\n\nconfig = ENV['CONFIGURATION'].upcase\nconfig_build_dir = ENV['CONFIGURATION_BUILD_DIR']\n\narchive_action = false\nif (config_build_dir.include?(\"ArchiveIntermediates\"))\narchive_action = true\nend\n\nprint \"Archive: \" + archive_action.to_s + \"\\n\"\n\n\nprint config\n\nif (config == \"DEBUG\")\nprint \" incrementing build numbers\\n\"\nproject_dir = ENV['PROJECT_DIR']\ninfoplist_file = ENV['INFOPLIST_FILE']\nplist_filename = \"#{project_dir}/#{infoplist_file}\"\n\ninfoplist = get_file_as_string(plist_filename)\ninfoplist = find_and_increment_version_number_with_key(\"CFBundleVersion\", infoplist)\nif (archive_action)\ninfoplist = find_and_increment_version_number_with_key(\"CFBundleShortVersionString\", infoplist)\nend\nFile.open(plist_filename, 'w') {|f| f.write(infoplist) }\nelse\nprint \" not incrementing build numbers\"\nend";
		};
		A5D62EF414A0621F00A3C9B8 /* ShellScript */ = {
			isa = PBXShellScriptBuildPhase;
			buildActionMask = 2147483647;
			files = (
			);
			inputPaths = (
			);
			outputPaths = (
			);
			runOnlyForDeploymentPostprocessing = 0;
			shellPath = /usr/bin/ruby;
			shellScript = "def get_file_as_string(filename)\ndata = ''\nf = File.open(filename, \"r\") \nf.each_line do |line|\ndata += line\nend\nreturn data\nend\n\n\ndef handle_alpha_beta(old_value, letter, infoplist, start_of_value, end_of_value)\nparts = old_value.split(letter)\nversion_num = parts[0]\nalpha_num = parts[1].to_i\n\nalpha_num = alpha_num + 1\nnew_version = version_num.to_s + letter + alpha_num.to_s\nprint \"Assigning new version: \" + new_version + \"\\n\"\nnew_key = \"<string>#{new_version}</string>\"\n\npart_1 = infoplist[0, start_of_value - '<string>'.length];\npart_2 = new_key \npart_3 = infoplist[end_of_value + \"</string>\".length, infoplist.length - (end_of_value - start_of_value + (new_key.length - 1))]    \n\nnew_info_plist = part_1 + part_2 + part_3\nnew_info_plist\nend\n\ndef find_and_increment_version_number_with_key(key, infoplist)\n\nstart_of_key = infoplist.index(key)\nstart_of_value = infoplist.index(\"<string>\", start_of_key) + \"<string>\".length\nend_of_value = infoplist.index(\"</string>\", start_of_value)\nold_value = infoplist[start_of_value, end_of_value - start_of_value]\n\nprint \"Old version for \" + key + \": \" + old_value + \"\\n\"\nprint old_value.class.to_s + \"\\n\"\nold_value_int = old_value.to_i\nprint old_value_int.class.to_s + \"\\n\"\nif (old_value.index(\"a\") != nil) # alpha\ninfoplist = handle_alpha_beta(old_value, \"a\", infoplist, start_of_value, end_of_value)\nelsif (old_value.index(\"b\") != nil) # beta\ninfoplist = handle_alpha_beta(old_value, \"b\", infoplist, start_of_value, end_of_value)\nelsif (old_value.index(\".\") != nil) # release dot version\nparts = old_value.split(\".\")\nlast_part = parts.last.to_i\nlast_part = last_part + 1\nparts.delete(parts.last)\n\nnew_version = \"\"\nfirst = true\nparts.each do |one_part|\nif (first)\nfirst = false\nelse\nnew_version = new_version + \".\"\nend\nnew_version = new_version + one_part\nend\nnew_version = new_version.to_s + \".\" + last_part.to_s\nprint \"New version: \" + new_version.to_s + \"\\n\"\nnew_key = \"<string>#{new_version}</string>\"\ninfoplist = \"#{infoplist[0, start_of_value - '<string>'.length]}#{new_key}#{infoplist[end_of_value + '</string>'.length, infoplist.length - (end_of_value+1)]}\"\nelsif (old_value.to_i != nil) # straight integer build number\nnew_version = old_value.to_i + 1\nprint \"New version: \" + new_version.to_s + \"\\n\"\nnew_key = \"<string>#{new_version}</string>\"\n\npart_1 = infoplist[0, start_of_value - '<string>'.length]\npart_2 = new_key\npart_3 = infoplist[end_of_value + \"</string>\".length, infoplist.length - (end_of_value+1)]\ninfoplist = part_1 + part_2 + part_3\nend \ninfoplist\nend\n\n\n\nconfig = ENV['CONFIGURATION'].upcase\nconfig_build_dir = ENV['CONFIGURATION_BUILD_DIR']\n\narchive_action = false\nif (config_build_dir.include?(\"ArchiveIntermediates\"))\narchive_action = true\nend\n\nprint \"Archive: \" + archive_action.to_s + \"\\n\"\n\n\nprint config\n\nif (config == \"DEBUG\")\nprint \" incrementing build numbers\\n\"\nproject_dir = ENV['PROJECT_DIR']\ninfoplist_file = ENV['INFOPLIST_FILE']\nplist_filename = \"#{project_dir}/#{infoplist_file}\"\n\ninfoplist = get_file_as_string(plist_filename)\ninfoplist = find_and_increment_version_number_with_key(\"CFBundleVersion\", infoplist)\nif (archive_action)\ninfoplist = find_and_increment_version_number_with_key(\"CFBundleShortVersionString\", infoplist)\nend\nFile.open(plist_filename, 'w') {|f| f.write(infoplist) }\nelse\nprint \" not incrementing build numbers\"\nend";
		};
/* End PBXShellScriptBuildPhase section */

/* Begin PBXSourcesBuildPhase section */
		A56CE208148F640100A06106 /* Sources */ = {
			isa = PBXSourcesBuildPhase;
			buildActionMask = 2147483647;
			files = (
				A543C39A148FBBB10070E986 /* XVimController.m in Sources */,
				A5A905CC149C41C000810962 /* XGlobal.m in Sources */,
				A5BD0F34149C598F0089BF5E /* vim.m in Sources */,
				A5DD1A96149DD112000AAE3D /* XVimMode.m in Sources */,
				A56B36DA149F2A0A00AE44CC /* NSStringHelper.m in Sources */,
				A58D5A7E149F491F00921622 /* XVimNormalMode.m in Sources */,
				A520764F14B0AB44005B8077 /* XVimVisualMode.m in Sources */,
				A504238114C5B4AF009399E4 /* XVimInsertMode.m in Sources */,
				75E7988414F7503700D94865 /* XClient.m in Sources */,
				75DFE68414FBC86300FE9E1E /* XVimExMode.m in Sources */,
			);
			runOnlyForDeploymentPostprocessing = 0;
		};
		A5929E3F14A428C0009AFACA /* Sources */ = {
			isa = PBXSourcesBuildPhase;
			buildActionMask = 2147483647;
			files = (
				A5C799F714FBDC2A008C1B8A /* XVimExMode.m in Sources */,
				A5C799F814FBDC2A008C1B8A /* XClient.m in Sources */,
				A504238314C5B6AE009399E4 /* XVimInsertMode.m in Sources */,
				A5929E4014A428C0009AFACA /* XVimController.m in Sources */,
				A5929E4114A428C0009AFACA /* XGlobal.m in Sources */,
				A5929E4214A428C0009AFACA /* vim.m in Sources */,
				A5929E4314A428C0009AFACA /* XVimMode.m in Sources */,
				A5929E4414A428C0009AFACA /* NSStringHelper.m in Sources */,
				A5929E4514A428C0009AFACA /* XVimNormalMode.m in Sources */,
				A520765014B0AB44005B8077 /* XVimVisualMode.m in Sources */,
			);
			runOnlyForDeploymentPostprocessing = 0;
		};
/* End PBXSourcesBuildPhase section */

/* Begin PBXVariantGroup section */
		A56CE218148F640100A06106 /* InfoPlist.strings */ = {
			isa = PBXVariantGroup;
			children = (
				A56CE219148F640100A06106 /* en */,
			);
			name = InfoPlist.strings;
			sourceTree = "<group>";
		};
/* End PBXVariantGroup section */

/* Begin XCBuildConfiguration section */
		A56CE21C148F640100A06106 /* Debug */ = {
			isa = XCBuildConfiguration;
			buildSettings = {
				ALWAYS_SEARCH_USER_PATHS = NO;
				ARCHS = "$(ARCHS_STANDARD_64_BIT)";
				COPY_PHASE_STRIP = NO;
				GCC_C_LANGUAGE_STANDARD = gnu99;
				GCC_DYNAMIC_NO_PIC = NO;
				GCC_ENABLE_OBJC_EXCEPTIONS = YES;
				GCC_OPTIMIZATION_LEVEL = 0;
				GCC_PREPROCESSOR_DEFINITIONS = (
					"DEBUG=1",
					"$(inherited)",
				);
				GCC_SYMBOLS_PRIVATE_EXTERN = NO;
				GCC_VERSION = com.apple.compilers.llvm.clang.1_0;
				GCC_WARN_64_TO_32_BIT_CONVERSION = YES;
				GCC_WARN_ABOUT_MISSING_PROTOTYPES = YES;
				GCC_WARN_ABOUT_RETURN_TYPE = YES;
				GCC_WARN_UNUSED_VARIABLE = YES;
				MACOSX_DEPLOYMENT_TARGET = 10.7;
				ONLY_ACTIVE_ARCH = YES;
				SDKROOT = macosx;
			};
			name = Debug;
		};
		A56CE21D148F640100A06106 /* Release */ = {
			isa = XCBuildConfiguration;
			buildSettings = {
				ALWAYS_SEARCH_USER_PATHS = NO;
				ARCHS = "$(ARCHS_STANDARD_64_BIT)";
				COPY_PHASE_STRIP = YES;
				DEBUG_INFORMATION_FORMAT = "dwarf-with-dsym";
				GCC_C_LANGUAGE_STANDARD = gnu99;
				GCC_ENABLE_OBJC_EXCEPTIONS = YES;
				GCC_VERSION = com.apple.compilers.llvm.clang.1_0;
				GCC_WARN_64_TO_32_BIT_CONVERSION = YES;
				GCC_WARN_ABOUT_MISSING_PROTOTYPES = YES;
				GCC_WARN_ABOUT_RETURN_TYPE = YES;
				GCC_WARN_UNUSED_VARIABLE = YES;
				MACOSX_DEPLOYMENT_TARGET = 10.7;
				ONLY_ACTIVE_ARCH = YES;
				SDKROOT = macosx;
			};
			name = Release;
		};
		A56CE21F148F640100A06106 /* Debug */ = {
			isa = XCBuildConfiguration;
			buildSettings = {
				ARCHS = "$(ARCHS_STANDARD_64_BIT)";
				GCC_ENABLE_OBJC_GC = supported;
				GCC_PRECOMPILE_PREFIX_HEADER = YES;
				GCC_PREFIX_HEADER = "xVim/xVim-Prefix.pch";
				INFOPLIST_FILE = "xVim/xVim-Info.plist";
				INSTALL_PATH = "$(LOCAL_LIBRARY_DIR)/Bundles";
				PRODUCT_NAME = "$(TARGET_NAME)";
				WRAPPER_EXTENSION = bundle;
			};
			name = Debug;
		};
		A56CE220148F640100A06106 /* Release */ = {
			isa = XCBuildConfiguration;
			buildSettings = {
				ARCHS = "$(ARCHS_STANDARD_64_BIT)";
				GCC_ENABLE_OBJC_GC = supported;
				GCC_PRECOMPILE_PREFIX_HEADER = YES;
				GCC_PREFIX_HEADER = "xVim/xVim-Prefix.pch";
				INFOPLIST_FILE = "xVim/xVim-Info.plist";
				INSTALL_PATH = "$(LOCAL_LIBRARY_DIR)/Bundles";
				PRODUCT_NAME = "$(TARGET_NAME)";
				WRAPPER_EXTENSION = bundle;
			};
			name = Release;
		};
		A5929E5214A428C0009AFACA /* Debug */ = {
			isa = XCBuildConfiguration;
			buildSettings = {
				ARCHS = "$(ARCHS_STANDARD_64_BIT)";
				GCC_ENABLE_OBJC_GC = supported;
				GCC_PRECOMPILE_PREFIX_HEADER = YES;
				GCC_PREFIX_HEADER = "xVim/xVim-Prefix.pch";
				INFOPLIST_FILE = "xVim/xVim-Info-WWM.plist";
				INSTALL_PATH = "$(LOCAL_LIBRARY_DIR)/Bundles";
				PRODUCT_NAME = "xVim-WWM";
				WRAPPER_EXTENSION = bundle;
			};
			name = Debug;
		};
		A5929E5314A428C0009AFACA /* Release */ = {
			isa = XCBuildConfiguration;
			buildSettings = {
				ARCHS = "$(ARCHS_STANDARD_64_BIT)";
				GCC_ENABLE_OBJC_GC = supported;
				GCC_PRECOMPILE_PREFIX_HEADER = YES;
				GCC_PREFIX_HEADER = "xVim/xVim-Prefix.pch";
				INFOPLIST_FILE = "xVim/xVim-Info-WWM.plist";
				INSTALL_PATH = "$(LOCAL_LIBRARY_DIR)/Bundles";
				PRODUCT_NAME = "xVim-WWM";
				WRAPPER_EXTENSION = bundle;
			};
			name = Release;
		};
/* End XCBuildConfiguration section */

/* Begin XCConfigurationList section */
		A56CE206148F640100A06106 /* Build configuration list for PBXProject "xVim" */ = {
			isa = XCConfigurationList;
			buildConfigurations = (
				A56CE21C148F640100A06106 /* Debug */,
				A56CE21D148F640100A06106 /* Release */,
			);
			defaultConfigurationIsVisible = 0;
			defaultConfigurationName = Release;
		};
		A56CE21E148F640100A06106 /* Build configuration list for PBXNativeTarget "xVim" */ = {
			isa = XCConfigurationList;
			buildConfigurations = (
				A56CE21F148F640100A06106 /* Debug */,
				A56CE220148F640100A06106 /* Release */,
			);
			defaultConfigurationIsVisible = 0;
			defaultConfigurationName = Release;
		};
		A5929E5114A428C0009AFACA /* Build configuration list for PBXNativeTarget "xVim-WWM" */ = {
			isa = XCConfigurationList;
			buildConfigurations = (
				A5929E5214A428C0009AFACA /* Debug */,
				A5929E5314A428C0009AFACA /* Release */,
			);
			defaultConfigurationIsVisible = 0;
			defaultConfigurationName = Release;
		};
/* End XCConfigurationList section */
	};
	rootObject = A56CE203148F640100A06106 /* Project object */;
}
